
Microsoft Visual Studio Solution File, Format Version 12.00
# Visual Studio Version 16
VisualStudioVersion = 16.0.30114.105
MinimumVisualStudioVersion = 10.0.40219.1
Project("{FAE04EC0-301F-11D3-BF4B-00C04F79EFBC}") = "API", "API\API.csproj", "{CA8363FB-9802-4571-8E07-CB42EB4388C5}"
EndProject
Project("{FAE04EC0-301F-11D3-BF4B-00C04F79EFBC}") = "Application", "Application\Application.csproj", "{11EA2ED0-9D89-4119-95E8-81DD551C15B3}"
EndProject
Project("{FAE04EC0-301F-11D3-BF4B-00C04F79EFBC}") = "Persistence", "Persistence\Persistence.csproj", "{03BB7B58-93EB-4370-88BA-226C520ED1E5}"
EndProject
Project("{FAE04EC0-301F-11D3-BF4B-00C04F79EFBC}") = "Domain", "Domain\Domain.csproj", "{90F8930A-A57E-4248-AD64-EE16F8B6B2D3}"
EndProject
Global
	GlobalSection(SolutionConfigurationPlatforms) = preSolution
		Debug|Any CPU = Debug|Any CPU
		Debug|x64 = Debug|x64
		Debug|x86 = Debug|x86
		Release|Any CPU = Release|Any CPU
		Release|x64 = Release|x64
		Release|x86 = Release|x86
	EndGlobalSection
	GlobalSection(SolutionProperties) = preSolution
		HideSolutionNode = FALSE
	EndGlobalSection
	GlobalSection(ProjectConfigurationPlatforms) = postSolution
		{CA8363FB-9802-4571-8E07-CB42EB4388C5}.Debug|Any CPU.ActiveCfg = Debug|Any CPU
		{CA8363FB-9802-4571-8E07-CB42EB4388C5}.Debug|Any CPU.Build.0 = Debug|Any CPU
		{CA8363FB-9802-4571-8E07-CB42EB4388C5}.Debug|x64.ActiveCfg = Debug|Any CPU
		{CA8363FB-9802-4571-8E07-CB42EB4388C5}.Debug|x64.Build.0 = Debug|Any CPU
		{CA8363FB-9802-4571-8E07-CB42EB4388C5}.Debug|x86.ActiveCfg = Debug|Any CPU
		{CA8363FB-9802-4571-8E07-CB42EB4388C5}.Debug|x86.Build.0 = Debug|Any CPU
		{CA8363FB-9802-4571-8E07-CB42EB4388C5}.Release|Any CPU.ActiveCfg = Release|Any CPU
		{CA8363FB-9802-4571-8E07-CB42EB4388C5}.Release|Any CPU.Build.0 = Release|Any CPU
		{CA8363FB-9802-4571-8E07-CB42EB4388C5}.Release|x64.ActiveCfg = Release|Any CPU
		{CA8363FB-9802-4571-8E07-CB42EB4388C5}.Release|x64.Build.0 = Release|Any CPU
		{CA8363FB-9802-4571-8E07-CB42EB4388C5}.Release|x86.ActiveCfg = Release|Any CPU
		{CA8363FB-9802-4571-8E07-CB42EB4388C5}.Release|x86.Build.0 = Release|Any CPU
		{11EA2ED0-9D89-4119-95E8-81DD551C15B3}.Debug|Any CPU.ActiveCfg = Debug|Any CPU
		{11EA2ED0-9D89-4119-95E8-81DD551C15B3}.Debug|Any CPU.Build.0 = Debug|Any CPU
		{11EA2ED0-9D89-4119-95E8-81DD551C15B3}.Debug|x64.ActiveCfg = Debug|Any CPU
		{11EA2ED0-9D89-4119-95E8-81DD551C15B3}.Debug|x64.Build.0 = Debug|Any CPU
		{11EA2ED0-9D89-4119-95E8-81DD551C15B3}.Debug|x86.ActiveCfg = Debug|Any CPU
		{11EA2ED0-9D89-4119-95E8-81DD551C15B3}.Debug|x86.Build.0 = Debug|Any CPU
		{11EA2ED0-9D89-4119-95E8-81DD551C15B3}.Release|Any CPU.ActiveCfg = Release|Any CPU
		{11EA2ED0-9D89-4119-95E8-81DD551C15B3}.Release|Any CPU.Build.0 = Release|Any CPU
		{11EA2ED0-9D89-4119-95E8-81DD551C15B3}.Release|x64.ActiveCfg = Release|Any CPU
		{11EA2ED0-9D89-4119-95E8-81DD551C15B3}.Release|x64.Build.0 = Release|Any CPU
		{11EA2ED0-9D89-4119-95E8-81DD551C15B3}.Release|x86.ActiveCfg = Release|Any CPU
		{11EA2ED0-9D89-4119-95E8-81DD551C15B3}.Release|x86.Build.0 = Release|Any CPU
		{03BB7B58-93EB-4370-88BA-226C520ED1E5}.Debug|Any CPU.ActiveCfg = Debug|Any CPU
		{03BB7B58-93EB-4370-88BA-226C520ED1E5}.Debug|Any CPU.Build.0 = Debug|Any CPU
		{03BB7B58-93EB-4370-88BA-226C520ED1E5}.Debug|x64.ActiveCfg = Debug|Any CPU
		{03BB7B58-93EB-4370-88BA-226C520ED1E5}.Debug|x64.Build.0 = Debug|Any CPU
		{03BB7B58-93EB-4370-88BA-226C520ED1E5}.Debug|x86.ActiveCfg = Debug|Any CPU
		{03BB7B58-93EB-4370-88BA-226C520ED1E5}.Debug|x86.Build.0 = Debug|Any CPU
		{03BB7B58-93EB-4370-88BA-226C520ED1E5}.Release|Any CPU.ActiveCfg = Release|Any CPU
		{03BB7B58-93EB-4370-88BA-226C520ED1E5}.Release|Any CPU.Build.0 = Release|Any CPU
		{03BB7B58-93EB-4370-88BA-226C520ED1E5}.Release|x64.ActiveCfg = Release|Any CPU
		{03BB7B58-93EB-4370-88BA-226C520ED1E5}.Release|x64.Build.0 = Release|Any CPU
		{03BB7B58-93EB-4370-88BA-226C520ED1E5}.Release|x86.ActiveCfg = Release|Any CPU
		{03BB7B58-93EB-4370-88BA-226C520ED1E5}.Release|x86.Build.0 = Release|Any CPU
		{90F8930A-A57E-4248-AD64-EE16F8B6B2D3}.Debug|Any CPU.ActiveCfg = Debug|Any CPU
		{90F8930A-A57E-4248-AD64-EE16F8B6B2D3}.Debug|Any CPU.Build.0 = Debug|Any CPU
		{90F8930A-A57E-4248-AD64-EE16F8B6B2D3}.Debug|x64.ActiveCfg = Debug|Any CPU
		{90F8930A-A57E-4248-AD64-EE16F8B6B2D3}.Debug|x64.Build.0 = Debug|Any CPU
		{90F8930A-A57E-4248-AD64-EE16F8B6B2D3}.Debug|x86.ActiveCfg = Debug|Any CPU
		{90F8930A-A57E-4248-AD64-EE16F8B6B2D3}.Debug|x86.Build.0 = Debug|Any CPU
		{90F8930A-A57E-4248-AD64-EE16F8B6B2D3}.Release|Any CPU.ActiveCfg = Release|Any CPU
		{90F8930A-A57E-4248-AD64-EE16F8B6B2D3}.Release|Any CPU.Build.0 = Release|Any CPU
		{90F8930A-A57E-4248-AD64-EE16F8B6B2D3}.Release|x64.ActiveCfg = Release|Any CPU
		{90F8930A-A57E-4248-AD64-EE16F8B6B2D3}.Release|x64.Build.0 = Release|Any CPU
		{90F8930A-A57E-4248-AD64-EE16F8B6B2D3}.Release|x86.ActiveCfg = Release|Any CPU
		{90F8930A-A57E-4248-AD64-EE16F8B6B2D3}.Release|x86.Build.0 = Release|Any CPU
	EndGlobalSection
EndGlobal
